{
  "requires": true,
  "lockfileVersion": 1,
  "dependencies": {
    "react-multi-carousel": {
      "version": "2.6.3",
      "resolved": "https://registry.npmjs.org/react-multi-carousel/-/react-multi-carousel-2.6.3.tgz",
      "integrity": "sha512-fCe+I1BlhTUyNHm/fh3bWavDo8UzoolTd/zrKao/wvb/XFf9dvesfNOawx7ukAzptiHOQhGCWZiNao+J76Byfw=="
    }
  }
}
