# THIS IS AN AUTOGENERATED FILE. DO NOT EDIT THIS FILE DIRECTLY.
# yarn lockfile v1


react-gallery-carousel@^0.2.2:
  version "0.2.2"
  resolved "https://registry.yarnpkg.com/react-gallery-carousel/-/react-gallery-carousel-0.2.2.tgz#4fb1dca1ee11d1cc9313bd5288e6e9267df8cb57"
  integrity sha512-V3/hZ8Zzcepkq6Cr3xJJfrdijmWdLUsYwK0sjgH/7RQbPw04BWjaIgcZ91X9kFPHDDEgEszt1kecz7W3YVZMuA==
